// !$*UTF8*$!
{
	archiveVersion = 1;
	classes = {
	};
	objectVersion = 55;
	objects = {

/* Begin PBXBuildFile section */
		820534B3272F05AC00C68686 /* AppDelegate.swift in Sources */ = {isa = PBXBuildFile; fileRef = 820534B2272F05AC00C68686 /* AppDelegate.swift */; };
		820534B7272F05AC00C68686 /* ViewController.swift in Sources */ = {isa = PBXBuildFile; fileRef = 820534B6272F05AC00C68686 /* ViewController.swift */; };
		820534BD272F05AC00C68686 /* ProjetoFinalStudioGhibliAPI.xcdatamodeld in Sources */ = {isa = PBXBuildFile; fileRef = 820534BB272F05AC00C68686 /* ProjetoFinalStudioGhibliAPI.xcdatamodeld */; };
		820534BF272F05AF00C68686 /* Assets.xcassets in Resources */ = {isa = PBXBuildFile; fileRef = 820534BE272F05AF00C68686 /* Assets.xcassets */; };
		820534C2272F05AF00C68686 /* LaunchScreen.storyboard in Resources */ = {isa = PBXBuildFile; fileRef = 820534C0272F05AF00C68686 /* LaunchScreen.storyboard */; };
		820534CD272F05AF00C68686 /* StudioGhibliAPITests.swift in Sources */ = {isa = PBXBuildFile; fileRef = 820534CC272F05AF00C68686 /* StudioGhibliAPITests.swift */; };
		820534E7272F05F200C68686 /* API.swift in Sources */ = {isa = PBXBuildFile; fileRef = 820534E6272F05F200C68686 /* API.swift */; };
		820534E9272F061000C68686 /* Error.swift in Sources */ = {isa = PBXBuildFile; fileRef = 820534E8272F061000C68686 /* Error.swift */; };
		820534EB272F063000C68686 /* StudioGhibli.swift in Sources */ = {isa = PBXBuildFile; fileRef = 820534EA272F063000C68686 /* StudioGhibli.swift */; };
		820534ED272F065B00C68686 /* EndPoints.swift in Sources */ = {isa = PBXBuildFile; fileRef = 820534EC272F065B00C68686 /* EndPoints.swift */; };
		820534EF272F067400C68686 /* HTTPMetodo.swift in Sources */ = {isa = PBXBuildFile; fileRef = 820534EE272F067400C68686 /* HTTPMetodo.swift */; };
		820534F1272F068900C68686 /* UIColor.swift in Sources */ = {isa = PBXBuildFile; fileRef = 820534F0272F068900C68686 /* UIColor.swift */; };
		820534F5272F076200C68686 /* DataBaseController.swift in Sources */ = {isa = PBXBuildFile; fileRef = 820534F4272F076200C68686 /* DataBaseController.swift */; };
		82053500272F0B4800C68686 /* SnapKit in Frameworks */ = {isa = PBXBuildFile; productRef = 820534FF272F0B4800C68686 /* SnapKit */; };
		82053503272F0B6500C68686 /* Kingfisher in Frameworks */ = {isa = PBXBuildFile; productRef = 82053502272F0B6500C68686 /* Kingfisher */; };
		8251A182272F0CBB00327CF3 /* CelulaCustomizadaMain.swift in Sources */ = {isa = PBXBuildFile; fileRef = 8251A180272F0CBB00327CF3 /* CelulaCustomizadaMain.swift */; };
		8251A183272F0CBB00327CF3 /* CelulaCustomizadaMain.xib in Resources */ = {isa = PBXBuildFile; fileRef = 8251A181272F0CBB00327CF3 /* CelulaCustomizadaMain.xib */; };
		8251A189272F0FE200327CF3 /* DetailViewController.swift in Sources */ = {isa = PBXBuildFile; fileRef = 8251A188272F0FE200327CF3 /* DetailViewController.swift */; };
		8251A18B272F0FF300327CF3 /* FavoritesViewController.swift in Sources */ = {isa = PBXBuildFile; fileRef = 8251A18A272F0FF300327CF3 /* FavoritesViewController.swift */; };
		8251A18D272F137B00327CF3 /* ImageViewCell.swift in Sources */ = {isa = PBXBuildFile; fileRef = 8251A18C272F137B00327CF3 /* ImageViewCell.swift */; };
		828B7A39272F1A6900D75FC5 /* ImageFilme.swift in Sources */ = {isa = PBXBuildFile; fileRef = 828B7A38272F1A6900D75FC5 /* ImageFilme.swift */; };
		82B37E0F273033570088F739 /* FavoriteTableViewCell.swift in Sources */ = {isa = PBXBuildFile; fileRef = 82B37E0E273033570088F739 /* FavoriteTableViewCell.swift */; };
		82B37E112730336E0088F739 /* FavoriteTableViewCell.xib in Resources */ = {isa = PBXBuildFile; fileRef = 82B37E102730336E0088F739 /* FavoriteTableViewCell.xib */; };
		82B37E132730C12C0088F739 /* IntegrationTests.swift in Sources */ = {isa = PBXBuildFile; fileRef = 82B37E122730C12B0088F739 /* IntegrationTests.swift */; };
		82B37E152730C63A0088F739 /* sGAPI.swift in Sources */ = {isa = PBXBuildFile; fileRef = 82B37E142730C63A0088F739 /* sGAPI.swift */; };
/* End PBXBuildFile section */

/* Begin PBXContainerItemProxy section */
		820534C9272F05AF00C68686 /* PBXContainerItemProxy */ = {
			isa = PBXContainerItemProxy;
			containerPortal = 820534A7272F05AC00C68686 /* Project object */;
			proxyType = 1;
			remoteGlobalIDString = 820534AE272F05AC00C68686;
			remoteInfo = ProjetoFinalStudioGhibliAPI;
		};
/* End PBXContainerItemProxy section */

/* Begin PBXFileReference section */
		820534AF272F05AC00C68686 /* ProjetoFinalStudioGhibliAPI.app */ = {isa = PBXFileReference; explicitFileType = wrapper.application; includeInIndex = 0; path = ProjetoFinalStudioGhibliAPI.app; sourceTree = BUILT_PRODUCTS_DIR; };
		820534B2272F05AC00C68686 /* AppDelegate.swift */ = {isa = PBXFileReference; lastKnownFileType = sourcecode.swift; path = AppDelegate.swift; sourceTree = "<group>"; };
		820534B6272F05AC00C68686 /* ViewController.swift */ = {isa = PBXFileReference; lastKnownFileType = sourcecode.swift; path = ViewController.swift; sourceTree = "<group>"; };
		820534BC272F05AC00C68686 /* ProjetoFinalStudioGhibliAPI.xcdatamodel */ = {isa = PBXFileReference; lastKnownFileType = wrapper.xcdatamodel; path = ProjetoFinalStudioGhibliAPI.xcdatamodel; sourceTree = "<group>"; };
		820534BE272F05AF00C68686 /* Assets.xcassets */ = {isa = PBXFileReference; lastKnownFileType = folder.assetcatalog; path = Assets.xcassets; sourceTree = "<group>"; };
		820534C1272F05AF00C68686 /* Base */ = {isa = PBXFileReference; lastKnownFileType = file.storyboard; name = Base; path = Base.lproj/LaunchScreen.storyboard; sourceTree = "<group>"; };
		820534C3272F05AF00C68686 /* Info.plist */ = {isa = PBXFileReference; lastKnownFileType = text.plist.xml; path = Info.plist; sourceTree = "<group>"; };
		820534C8272F05AF00C68686 /* ProjetoFinalStudioGhibliAPITests.xctest */ = {isa = PBXFileReference; explicitFileType = wrapper.cfbundle; includeInIndex = 0; path = ProjetoFinalStudioGhibliAPITests.xctest; sourceTree = BUILT_PRODUCTS_DIR; };
		820534CC272F05AF00C68686 /* StudioGhibliAPITests.swift */ = {isa = PBXFileReference; lastKnownFileType = sourcecode.swift; path = StudioGhibliAPITests.swift; sourceTree = "<group>"; };
		820534E6272F05F200C68686 /* API.swift */ = {isa = PBXFileReference; lastKnownFileType = sourcecode.swift; path = API.swift; sourceTree = "<group>"; };
		820534E8272F061000C68686 /* Error.swift */ = {isa = PBXFileReference; lastKnownFileType = sourcecode.swift; path = Error.swift; sourceTree = "<group>"; };
		820534EA272F063000C68686 /* StudioGhibli.swift */ = {isa = PBXFileReference; lastKnownFileType = sourcecode.swift; path = StudioGhibli.swift; sourceTree = "<group>"; };
		820534EC272F065B00C68686 /* EndPoints.swift */ = {isa = PBXFileReference; lastKnownFileType = sourcecode.swift; path = EndPoints.swift; sourceTree = "<group>"; };
		820534EE272F067400C68686 /* HTTPMetodo.swift */ = {isa = PBXFileReference; lastKnownFileType = sourcecode.swift; path = HTTPMetodo.swift; sourceTree = "<group>"; };
		820534F0272F068900C68686 /* UIColor.swift */ = {isa = PBXFileReference; lastKnownFileType = sourcecode.swift; path = UIColor.swift; sourceTree = "<group>"; };
		820534F4272F076200C68686 /* DataBaseController.swift */ = {isa = PBXFileReference; lastKnownFileType = sourcecode.swift; path = DataBaseController.swift; sourceTree = "<group>"; };
		8251A180272F0CBB00327CF3 /* CelulaCustomizadaMain.swift */ = {isa = PBXFileReference; lastKnownFileType = sourcecode.swift; path = CelulaCustomizadaMain.swift; sourceTree = "<group>"; };
		8251A181272F0CBB00327CF3 /* CelulaCustomizadaMain.xib */ = {isa = PBXFileReference; lastKnownFileType = file.xib; path = CelulaCustomizadaMain.xib; sourceTree = "<group>"; };
		8251A188272F0FE200327CF3 /* DetailViewController.swift */ = {isa = PBXFileReference; lastKnownFileType = sourcecode.swift; path = DetailViewController.swift; sourceTree = "<group>"; };
		8251A18A272F0FF300327CF3 /* FavoritesViewController.swift */ = {isa = PBXFileReference; lastKnownFileType = sourcecode.swift; path = FavoritesViewController.swift; sourceTree = "<group>"; };
		8251A18C272F137B00327CF3 /* ImageViewCell.swift */ = {isa = PBXFileReference; lastKnownFileType = sourcecode.swift; path = ImageViewCell.swift; sourceTree = "<group>"; };
		828B7A38272F1A6900D75FC5 /* ImageFilme.swift */ = {isa = PBXFileReference; lastKnownFileType = sourcecode.swift; path = ImageFilme.swift; sourceTree = "<group>"; };
		82B37E0E273033570088F739 /* FavoriteTableViewCell.swift */ = {isa = PBXFileReference; fileEncoding = 4; lastKnownFileType = sourcecode.swift; path = FavoriteTableViewCell.swift; sourceTree = "<group>"; };
		82B37E102730336E0088F739 /* FavoriteTableViewCell.xib */ = {isa = PBXFileReference; fileEncoding = 4; lastKnownFileType = file.xib; path = FavoriteTableViewCell.xib; sourceTree = "<group>"; };
		82B37E122730C12B0088F739 /* IntegrationTests.swift */ = {isa = PBXFileReference; lastKnownFileType = sourcecode.swift; path = IntegrationTests.swift; sourceTree = "<group>"; };
		82B37E142730C63A0088F739 /* sGAPI.swift */ = {isa = PBXFileReference; lastKnownFileType = sourcecode.swift; path = sGAPI.swift; sourceTree = "<group>"; };
/* End PBXFileReference section */

/* Begin PBXFrameworksBuildPhase section */
		820534AC272F05AC00C68686 /* Frameworks */ = {
			isa = PBXFrameworksBuildPhase;
			buildActionMask = 2147483647;
			files = (
				82053503272F0B6500C68686 /* Kingfisher in Frameworks */,
				82053500272F0B4800C68686 /* SnapKit in Frameworks */,
			);
			runOnlyForDeploymentPostprocessing = 0;
		};
		820534C5272F05AF00C68686 /* Frameworks */ = {
			isa = PBXFrameworksBuildPhase;
			buildActionMask = 2147483647;
			files = (
			);
			runOnlyForDeploymentPostprocessing = 0;
		};
/* End PBXFrameworksBuildPhase section */

/* Begin PBXGroup section */
		820534A6272F05AC00C68686 = {
			isa = PBXGroup;
			children = (
				820534B1272F05AC00C68686 /* ProjetoFinalStudioGhibliAPI */,
				820534CB272F05AF00C68686 /* ProjetoFinalStudioGhibliAPITests */,
				820534B0272F05AC00C68686 /* Products */,
			);
			sourceTree = "<group>";
		};
		820534B0272F05AC00C68686 /* Products */ = {
			isa = PBXGroup;
			children = (
				820534AF272F05AC00C68686 /* ProjetoFinalStudioGhibliAPI.app */,
				820534C8272F05AF00C68686 /* ProjetoFinalStudioGhibliAPITests.xctest */,
			);
			name = Products;
			sourceTree = "<group>";
		};
		820534B1272F05AC00C68686 /* ProjetoFinalStudioGhibliAPI */ = {
			isa = PBXGroup;
			children = (
				820534BE272F05AF00C68686 /* Assets.xcassets */,
				820534C0272F05AF00C68686 /* LaunchScreen.storyboard */,
				820534C3272F05AF00C68686 /* Info.plist */,
				820534BB272F05AC00C68686 /* ProjetoFinalStudioGhibliAPI.xcdatamodeld */,
				820534B2272F05AC00C68686 /* AppDelegate.swift */,
				820534E5272F05DE00C68686 /* Model */,
				820534F2272F072F00C68686 /* View */,
				820534F3272F074400C68686 /* Controllers */,
			);
			path = ProjetoFinalStudioGhibliAPI;
			sourceTree = "<group>";
		};
		820534CB272F05AF00C68686 /* ProjetoFinalStudioGhibliAPITests */ = {
			isa = PBXGroup;
			children = (
				820534CC272F05AF00C68686 /* StudioGhibliAPITests.swift */,
				82B37E122730C12B0088F739 /* IntegrationTests.swift */,
			);
			path = ProjetoFinalStudioGhibliAPITests;
			sourceTree = "<group>";
		};
		820534E5272F05DE00C68686 /* Model */ = {
			isa = PBXGroup;
			children = (
				820534E6272F05F200C68686 /* API.swift */,
				820534E8272F061000C68686 /* Error.swift */,
				820534EA272F063000C68686 /* StudioGhibli.swift */,
				820534EC272F065B00C68686 /* EndPoints.swift */,
				820534EE272F067400C68686 /* HTTPMetodo.swift */,
				820534F0272F068900C68686 /* UIColor.swift */,
				828B7A38272F1A6900D75FC5 /* ImageFilme.swift */,
				82B37E142730C63A0088F739 /* sGAPI.swift */,
			);
			path = Model;
			sourceTree = "<group>";
		};
		820534F2272F072F00C68686 /* View */ = {
			isa = PBXGroup;
			children = (
				8251A180272F0CBB00327CF3 /* CelulaCustomizadaMain.swift */,
				8251A181272F0CBB00327CF3 /* CelulaCustomizadaMain.xib */,
				82B37E0E273033570088F739 /* FavoriteTableViewCell.swift */,
				82B37E102730336E0088F739 /* FavoriteTableViewCell.xib */,
				8251A18C272F137B00327CF3 /* ImageViewCell.swift */,
			);
			path = View;
			sourceTree = "<group>";
		};
		820534F3272F074400C68686 /* Controllers */ = {
			isa = PBXGroup;
			children = (
				820534B6272F05AC00C68686 /* ViewController.swift */,
				8251A188272F0FE200327CF3 /* DetailViewController.swift */,
				8251A18A272F0FF300327CF3 /* FavoritesViewController.swift */,
				820534F4272F076200C68686 /* DataBaseController.swift */,
			);
			path = Controllers;
			sourceTree = "<group>";
		};
/* End PBXGroup section */

/* Begin PBXNativeTarget section */
		820534AE272F05AC00C68686 /* ProjetoFinalStudioGhibliAPI */ = {
			isa = PBXNativeTarget;
			buildConfigurationList = 820534DC272F05AF00C68686 /* Build configuration list for PBXNativeTarget "ProjetoFinalStudioGhibliAPI" */;
			buildPhases = (
				820534AB272F05AC00C68686 /* Sources */,
				820534AC272F05AC00C68686 /* Frameworks */,
				820534AD272F05AC00C68686 /* Resources */,
			);
			buildRules = (
			);
			dependencies = (
			);
			name = ProjetoFinalStudioGhibliAPI;
			packageProductDependencies = (
				820534FF272F0B4800C68686 /* SnapKit */,
				82053502272F0B6500C68686 /* Kingfisher */,
			);
			productName = ProjetoFinalStudioGhibliAPI;
			productReference = 820534AF272F05AC00C68686 /* ProjetoFinalStudioGhibliAPI.app */;
			productType = "com.apple.product-type.application";
		};
		820534C7272F05AF00C68686 /* ProjetoFinalStudioGhibliAPITests */ = {
			isa = PBXNativeTarget;
			buildConfigurationList = 820534DF272F05AF00C68686 /* Build configuration list for PBXNativeTarget "ProjetoFinalStudioGhibliAPITests" */;
			buildPhases = (
				820534C4272F05AF00C68686 /* Sources */,
				820534C5272F05AF00C68686 /* Frameworks */,
				820534C6272F05AF00C68686 /* Resources */,
			);
			buildRules = (
			);
			dependencies = (
				820534CA272F05AF00C68686 /* PBXTargetDependency */,
			);
			name = ProjetoFinalStudioGhibliAPITests;
			productName = ProjetoFinalStudioGhibliAPITests;
			productReference = 820534C8272F05AF00C68686 /* ProjetoFinalStudioGhibliAPITests.xctest */;
			productType = "com.apple.product-type.bundle.unit-test";
		};
/* End PBXNativeTarget section */

/* Begin PBXProject section */
		820534A7272F05AC00C68686 /* Project object */ = {
			isa = PBXProject;
			attributes = {
				BuildIndependentTargetsInParallel = 1;
				LastSwiftUpdateCheck = 1310;
				LastUpgradeCheck = 1310;
				TargetAttributes = {
					820534AE272F05AC00C68686 = {
						CreatedOnToolsVersion = 13.1;
					};
					820534C7272F05AF00C68686 = {
						CreatedOnToolsVersion = 13.1;
						TestTargetID = 820534AE272F05AC00C68686;
					};
				};
			};
			buildConfigurationList = 820534AA272F05AC00C68686 /* Build configuration list for PBXProject "ProjetoFinalStudioGhibliAPI" */;
			compatibilityVersion = "Xcode 13.0";
			developmentRegion = en;
			hasScannedForEncodings = 0;
			knownRegions = (
				en,
				Base,
			);
			mainGroup = 820534A6272F05AC00C68686;
			packageReferences = (
				820534FE272F0B4800C68686 /* XCRemoteSwiftPackageReference "SnapKit" */,
				82053501272F0B6500C68686 /* XCRemoteSwiftPackageReference "Kingfisher" */,
			);
			productRefGroup = 820534B0272F05AC00C68686 /* Products */;
			projectDirPath = "";
			projectRoot = "";
			targets = (
				820534AE272F05AC00C68686 /* ProjetoFinalStudioGhibliAPI */,
				820534C7272F05AF00C68686 /* ProjetoFinalStudioGhibliAPITests */,
			);
		};
/* End PBXProject section */

/* Begin PBXResourcesBuildPhase section */
		820534AD272F05AC00C68686 /* Resources */ = {
			isa = PBXResourcesBuildPhase;
			buildActionMask = 2147483647;
			files = (
				820534C2272F05AF00C68686 /* LaunchScreen.storyboard in Resources */,
				82B37E112730336E0088F739 /* FavoriteTableViewCell.xib in Resources */,
				820534BF272F05AF00C68686 /* Assets.xcassets in Resources */,
				8251A183272F0CBB00327CF3 /* CelulaCustomizadaMain.xib in Resources */,
			);
			runOnlyForDeploymentPostprocessing = 0;
		};
		820534C6272F05AF00C68686 /* Resources */ = {
			isa = PBXResourcesBuildPhase;
			buildActionMask = 2147483647;
			files = (
			);
			runOnlyForDeploymentPostprocessing = 0;
		};
/* End PBXResourcesBuildPhase section */

/* Begin PBXSourcesBuildPhase section */
		820534AB272F05AC00C68686 /* Sources */ = {
			isa = PBXSourcesBuildPhase;
			buildActionMask = 2147483647;
			files = (
				8251A189272F0FE200327CF3 /* DetailViewController.swift in Sources */,
				820534F5272F076200C68686 /* DataBaseController.swift in Sources */,
				8251A18B272F0FF300327CF3 /* FavoritesViewController.swift in Sources */,
				820534B7272F05AC00C68686 /* ViewController.swift in Sources */,
				820534B3272F05AC00C68686 /* AppDelegate.swift in Sources */,
				8251A182272F0CBB00327CF3 /* CelulaCustomizadaMain.swift in Sources */,
				82B37E0F273033570088F739 /* FavoriteTableViewCell.swift in Sources */,
				82B37E152730C63A0088F739 /* sGAPI.swift in Sources */,
				820534BD272F05AC00C68686 /* ProjetoFinalStudioGhibliAPI.xcdatamodeld in Sources */,
				820534E9272F061000C68686 /* Error.swift in Sources */,
				820534E7272F05F200C68686 /* API.swift in Sources */,
				820534ED272F065B00C68686 /* EndPoints.swift in Sources */,
				828B7A39272F1A6900D75FC5 /* ImageFilme.swift in Sources */,
				820534EB272F063000C68686 /* StudioGhibli.swift in Sources */,
				820534EF272F067400C68686 /* HTTPMetodo.swift in Sources */,
				8251A18D272F137B00327CF3 /* ImageViewCell.swift in Sources */,
				820534F1272F068900C68686 /* UIColor.swift in Sources */,
			);
			runOnlyForDeploymentPostprocessing = 0;
		};
		820534C4272F05AF00C68686 /* Sources */ = {
			isa = PBXSourcesBuildPhase;
			buildActionMask = 2147483647;
			files = (
				82B37E132730C12C0088F739 /* IntegrationTests.swift in Sources */,
				820534CD272F05AF00C68686 /* StudioGhibliAPITests.swift in Sources */,
			);
			runOnlyForDeploymentPostprocessing = 0;
		};
/* End PBXSourcesBuildPhase section */

/* Begin PBXTargetDependency section */
		820534CA272F05AF00C68686 /* PBXTargetDependency */ = {
			isa = PBXTargetDependency;
			target = 820534AE272F05AC00C68686 /* ProjetoFinalStudioGhibliAPI */;
			targetProxy = 820534C9272F05AF00C68686 /* PBXContainerItemProxy */;
		};
/* End PBXTargetDependency section */

/* Begin PBXVariantGroup section */
		820534C0272F05AF00C68686 /* LaunchScreen.storyboard */ = {
			isa = PBXVariantGroup;
			children = (
				820534C1272F05AF00C68686 /* Base */,
			);
			name = LaunchScreen.storyboard;
			sourceTree = "<group>";
		};
/* End PBXVariantGroup section */

/* Begin XCBuildConfiguration section */
		820534DA272F05AF00C68686 /* Debug */ = {
			isa = XCBuildConfiguration;
			buildSettings = {
				ALWAYS_SEARCH_USER_PATHS = NO;
				CLANG_ANALYZER_NONNULL = YES;
				CLANG_ANALYZER_NUMBER_OBJECT_CONVERSION = YES_AGGRESSIVE;
				CLANG_CXX_LANGUAGE_STANDARD = "gnu++17";
				CLANG_CXX_LIBRARY = "libc++";
				CLANG_ENABLE_MODULES = YES;
				CLANG_ENABLE_OBJC_ARC = YES;
				CLANG_ENABLE_OBJC_WEAK = YES;
				CLANG_WARN_BLOCK_CAPTURE_AUTORELEASING = YES;
				CLANG_WARN_BOOL_CONVERSION = YES;
				CLANG_WARN_COMMA = YES;
				CLANG_WARN_CONSTANT_CONVERSION = YES;
				CLANG_WARN_DEPRECATED_OBJC_IMPLEMENTATIONS = YES;
				CLANG_WARN_DIRECT_OBJC_ISA_USAGE = YES_ERROR;
				CLANG_WARN_DOCUMENTATION_COMMENTS = YES;
				CLANG_WARN_EMPTY_BODY = YES;
				CLANG_WARN_ENUM_CONVERSION = YES;
				CLANG_WARN_INFINITE_RECURSION = YES;
				CLANG_WARN_INT_CONVERSION = YES;
				CLANG_WARN_NON_LITERAL_NULL_CONVERSION = YES;
				CLANG_WARN_OBJC_IMPLICIT_RETAIN_SELF = YES;
				CLANG_WARN_OBJC_LITERAL_CONVERSION = YES;
				CLANG_WARN_OBJC_ROOT_CLASS = YES_ERROR;
				CLANG_WARN_QUOTED_INCLUDE_IN_FRAMEWORK_HEADER = YES;
				CLANG_WARN_RANGE_LOOP_ANALYSIS = YES;
				CLANG_WARN_STRICT_PROTOTYPES = YES;
				CLANG_WARN_SUSPICIOUS_MOVE = YES;
				CLANG_WARN_UNGUARDED_AVAILABILITY = YES_AGGRESSIVE;
				CLANG_WARN_UNREACHABLE_CODE = YES;
				CLANG_WARN__DUPLICATE_METHOD_MATCH = YES;
				COPY_PHASE_STRIP = NO;
				DEBUG_INFORMATION_FORMAT = dwarf;
				ENABLE_STRICT_OBJC_MSGSEND = YES;
				ENABLE_TESTABILITY = YES;
				GCC_C_LANGUAGE_STANDARD = gnu11;
				GCC_DYNAMIC_NO_PIC = NO;
				GCC_NO_COMMON_BLOCKS = YES;
				GCC_OPTIMIZATION_LEVEL = 0;
				GCC_PREPROCESSOR_DEFINITIONS = (
					"DEBUG=1",
					"$(inherited)",
				);
				GCC_WARN_64_TO_32_BIT_CONVERSION = YES;
				GCC_WARN_ABOUT_RETURN_TYPE = YES_ERROR;
				GCC_WARN_UNDECLARED_SELECTOR = YES;
				GCC_WARN_UNINITIALIZED_AUTOS = YES_AGGRESSIVE;
				GCC_WARN_UNUSED_FUNCTION = YES;
				GCC_WARN_UNUSED_VARIABLE = YES;
				IPHONEOS_DEPLOYMENT_TARGET = 15.0;
				MTL_ENABLE_DEBUG_INFO = INCLUDE_SOURCE;
				MTL_FAST_MATH = YES;
				ONLY_ACTIVE_ARCH = YES;
				SDKROOT = iphoneos;
				SWIFT_ACTIVE_COMPILATION_CONDITIONS = DEBUG;
				SWIFT_OPTIMIZATION_LEVEL = "-Onone";
			};
			name = Debug;
		};
		820534DB272F05AF00C68686 /* Release */ = {
			isa = XCBuildConfiguration;
			buildSettings = {
				ALWAYS_SEARCH_USER_PATHS = NO;
				CLANG_ANALYZER_NONNULL = YES;
				CLANG_ANALYZER_NUMBER_OBJECT_CONVERSION = YES_AGGRESSIVE;
				CLANG_CXX_LANGUAGE_STANDARD = "gnu++17";
				CLANG_CXX_LIBRARY = "libc++";
				CLANG_ENABLE_MODULES = YES;
				CLANG_ENABLE_OBJC_ARC = YES;
				CLANG_ENABLE_OBJC_WEAK = YES;
				CLANG_WARN_BLOCK_CAPTURE_AUTORELEASING = YES;
				CLANG_WARN_BOOL_CONVERSION = YES;
				CLANG_WARN_COMMA = YES;
				CLANG_WARN_CONSTANT_CONVERSION = YES;
				CLANG_WARN_DEPRECATED_OBJC_IMPLEMENTATIONS = YES;
				CLANG_WARN_DIRECT_OBJC_ISA_USAGE = YES_ERROR;
				CLANG_WARN_DOCUMENTATION_COMMENTS = YES;
				CLANG_WARN_EMPTY_BODY = YES;
				CLANG_WARN_ENUM_CONVERSION = YES;
				CLANG_WARN_INFINITE_RECURSION = YES;
				CLANG_WARN_INT_CONVERSION = YES;
				CLANG_WARN_NON_LITERAL_NULL_CONVERSION = YES;
				CLANG_WARN_OBJC_IMPLICIT_RETAIN_SELF = YES;
				CLANG_WARN_OBJC_LITERAL_CONVERSION = YES;
				CLANG_WARN_OBJC_ROOT_CLASS = YES_ERROR;
				CLANG_WARN_QUOTED_INCLUDE_IN_FRAMEWORK_HEADER = YES;
				CLANG_WARN_RANGE_LOOP_ANALYSIS = YES;
				CLANG_WARN_STRICT_PROTOTYPES = YES;
				CLANG_WARN_SUSPICIOUS_MOVE = YES;
				CLANG_WARN_UNGUARDED_AVAILABILITY = YES_AGGRESSIVE;
				CLANG_WARN_UNREACHABLE_CODE = YES;
				CLANG_WARN__DUPLICATE_METHOD_MATCH = YES;
				COPY_PHASE_STRIP = NO;
				DEBUG_INFORMATION_FORMAT = "dwarf-with-dsym";
				ENABLE_NS_ASSERTIONS = NO;
				ENABLE_STRICT_OBJC_MSGSEND = YES;
				GCC_C_LANGUAGE_STANDARD = gnu11;
				GCC_NO_COMMON_BLOCKS = YES;
				GCC_WARN_64_TO_32_BIT_CONVERSION = YES;
				GCC_WARN_ABOUT_RETURN_TYPE = YES_ERROR;
				GCC_WARN_UNDECLARED_SELECTOR = YES;
				GCC_WARN_UNINITIALIZED_AUTOS = YES_AGGRESSIVE;
				GCC_WARN_UNUSED_FUNCTION = YES;
				GCC_WARN_UNUSED_VARIABLE = YES;
				IPHONEOS_DEPLOYMENT_TARGET = 15.0;
				MTL_ENABLE_DEBUG_INFO = NO;
				MTL_FAST_MATH = YES;
				SDKROOT = iphoneos;
				SWIFT_COMPILATION_MODE = wholemodule;
				SWIFT_OPTIMIZATION_LEVEL = "-O";
				VALIDATE_PRODUCT = YES;
			};
			name = Release;
		};
		820534DD272F05AF00C68686 /* Debug */ = {
			isa = XCBuildConfiguration;
			buildSettings = {
				ASSETCATALOG_COMPILER_APPICON_NAME = AppIcon;
				ASSETCATALOG_COMPILER_GLOBAL_ACCENT_COLOR_NAME = AccentColor;
				CODE_SIGN_STYLE = Automatic;
				CURRENT_PROJECT_VERSION = 1;
				DEVELOPMENT_TEAM = HJ3L29UH3U;
				GENERATE_INFOPLIST_FILE = YES;
				INFOPLIST_FILE = ProjetoFinalStudioGhibliAPI/Info.plist;
				INFOPLIST_KEY_UIApplicationSupportsIndirectInputEvents = YES;
				INFOPLIST_KEY_UILaunchStoryboardName = LaunchScreen;
				INFOPLIST_KEY_UISupportedInterfaceOrientations_iPad = "UIInterfaceOrientationPortrait UIInterfaceOrientationPortraitUpsideDown UIInterfaceOrientationLandscapeLeft UIInterfaceOrientationLandscapeRight";
				INFOPLIST_KEY_UISupportedInterfaceOrientations_iPhone = "UIInterfaceOrientationPortrait UIInterfaceOrientationLandscapeLeft UIInterfaceOrientationLandscapeRight";
				LD_RUNPATH_SEARCH_PATHS = (
					"$(inherited)",
					"@executable_path/Frameworks",
				);
				MARKETING_VERSION = 1.0;
				PRODUCT_BUNDLE_IDENTIFIER = projetofinal.ProjetoFinalStudioGhibliAPI;
				PRODUCT_NAME = "$(TARGET_NAME)";
				SWIFT_EMIT_LOC_STRINGS = YES;
				SWIFT_VERSION = 5.0;
				TARGETED_DEVICE_FAMILY = "1,2";
			};
			name = Debug;
		};
		820534DE272F05AF00C68686 /* Release */ = {
			isa = XCBuildConfiguration;
			buildSettings = {
				ASSETCATALOG_COMPILER_APPICON_NAME = AppIcon;
				ASSETCATALOG_COMPILER_GLOBAL_ACCENT_COLOR_NAME = AccentColor;
				CODE_SIGN_STYLE = Automatic;
				CURRENT_PROJECT_VERSION = 1;
				DEVELOPMENT_TEAM = HJ3L29UH3U;
				GENERATE_INFOPLIST_FILE = YES;
				INFOPLIST_FILE = ProjetoFinalStudioGhibliAPI/Info.plist;
				INFOPLIST_KEY_UIApplicationSupportsIndirectInputEvents = YES;
				INFOPLIST_KEY_UILaunchStoryboardName = LaunchScreen;
				INFOPLIST_KEY_UISupportedInterfaceOrientations_iPad = "UIInterfaceOrientationPortrait UIInterfaceOrientationPortraitUpsideDown UIInterfaceOrientationLandscapeLeft UIInterfaceOrientationLandscapeRight";
				INFOPLIST_KEY_UISupportedInterfaceOrientations_iPhone = "UIInterfaceOrientationPortrait UIInterfaceOrientationLandscapeLeft UIInterfaceOrientationLandscapeRight";
				LD_RUNPATH_SEARCH_PATHS = (
					"$(inherited)",
					"@executable_path/Frameworks",
				);
				MARKETING_VERSION = 1.0;
				PRODUCT_BUNDLE_IDENTIFIER = projetofinal.ProjetoFinalStudioGhibliAPI;
				PRODUCT_NAME = "$(TARGET_NAME)";
				SWIFT_EMIT_LOC_STRINGS = YES;
				SWIFT_VERSION = 5.0;
				TARGETED_DEVICE_FAMILY = "1,2";
			};
			name = Release;
		};
		820534E0272F05AF00C68686 /* Debug */ = {
			isa = XCBuildConfiguration;
			buildSettings = {
				ALWAYS_EMBED_SWIFT_STANDARD_LIBRARIES = YES;
				BUNDLE_LOADER = "$(TEST_HOST)";
				CODE_SIGN_STYLE = Automatic;
				CURRENT_PROJECT_VERSION = 1;
				DEVELOPMENT_TEAM = HJ3L29UH3U;
				GENERATE_INFOPLIST_FILE = YES;
				IPHONEOS_DEPLOYMENT_TARGET = 15.0;
				LD_RUNPATH_SEARCH_PATHS = (
					"$(inherited)",
					"@executable_path/Frameworks",
					"@loader_path/Frameworks",
				);
				MARKETING_VERSION = 1.0;
				PRODUCT_BUNDLE_IDENTIFIER = projetofinal.ProjetoFinalStudioGhibliAPITests;
				PRODUCT_NAME = "$(TARGET_NAME)";
				SWIFT_EMIT_LOC_STRINGS = NO;
				SWIFT_VERSION = 5.0;
				TARGETED_DEVICE_FAMILY = "1,2";
				TEST_HOST = "$(BUILT_PRODUCTS_DIR)/ProjetoFinalStudioGhibliAPI.app/ProjetoFinalStudioGhibliAPI";
			};
			name = Debug;
		};
		820534E1272F05AF00C68686 /* Release */ = {
			isa = XCBuildConfiguration;
			buildSettings = {
				ALWAYS_EMBED_SWIFT_STANDARD_LIBRARIES = YES;
				BUNDLE_LOADER = "$(TEST_HOST)";
				CODE_SIGN_STYLE = Automatic;
				CURRENT_PROJECT_VERSION = 1;
				DEVELOPMENT_TEAM = HJ3L29UH3U;
				GENERATE_INFOPLIST_FILE = YES;
				IPHONEOS_DEPLOYMENT_TARGET = 15.0;
				LD_RUNPATH_SEARCH_PATHS = (
					"$(inherited)",
					"@executable_path/Frameworks",
					"@loader_path/Frameworks",
				);
				MARKETING_VERSION = 1.0;
				PRODUCT_BUNDLE_IDENTIFIER = projetofinal.ProjetoFinalStudioGhibliAPITests;
				PRODUCT_NAME = "$(TARGET_NAME)";
				SWIFT_EMIT_LOC_STRINGS = NO;
				SWIFT_VERSION = 5.0;
				TARGETED_DEVICE_FAMILY = "1,2";
				TEST_HOST = "$(BUILT_PRODUCTS_DIR)/ProjetoFinalStudioGhibliAPI.app/ProjetoFinalStudioGhibliAPI";
			};
			name = Release;
		};
/* End XCBuildConfiguration section */

/* Begin XCConfigurationList section */
		820534AA272F05AC00C68686 /* Build configuration list for PBXProject "ProjetoFinalStudioGhibliAPI" */ = {
			isa = XCConfigurationList;
			buildConfigurations = (
				820534DA272F05AF00C68686 /* Debug */,
				820534DB272F05AF00C68686 /* Release */,
			);
			defaultConfigurationIsVisible = 0;
			defaultConfigurationName = Release;
		};
		820534DC272F05AF00C68686 /* Build configuration list for PBXNativeTarget "ProjetoFinalStudioGhibliAPI" */ = {
			isa = XCConfigurationList;
			buildConfigurations = (
				820534DD272F05AF00C68686 /* Debug */,
				820534DE272F05AF00C68686 /* Release */,
			);
			defaultConfigurationIsVisible = 0;
			defaultConfigurationName = Release;
		};
		820534DF272F05AF00C68686 /* Build configuration list for PBXNativeTarget "ProjetoFinalStudioGhibliAPITests" */ = {
			isa = XCConfigurationList;
			buildConfigurations = (
				820534E0272F05AF00C68686 /* Debug */,
				820534E1272F05AF00C68686 /* Release */,
			);
			defaultConfigurationIsVisible = 0;
			defaultConfigurationName = Release;
		};
/* End XCConfigurationList section */

/* Begin XCRemoteSwiftPackageReference section */
		820534FE272F0B4800C68686 /* XCRemoteSwiftPackageReference "SnapKit" */ = {
			isa = XCRemoteSwiftPackageReference;
			repositoryURL = "https://github.com/SnapKit/SnapKit";
			requirement = {
				kind = upToNextMajorVersion;
				minimumVersion = 5.0.0;
			};
		};
		82053501272F0B6500C68686 /* XCRemoteSwiftPackageReference "Kingfisher" */ = {
			isa = XCRemoteSwiftPackageReference;
			repositoryURL = "https://github.com/onevcat/Kingfisher";
			requirement = {
				kind = upToNextMajorVersion;
				minimumVersion = 7.0.0;
			};
		};
/* End XCRemoteSwiftPackageReference section */

/* Begin XCSwiftPackageProductDependency section */
		820534FF272F0B4800C68686 /* SnapKit */ = {
			isa = XCSwiftPackageProductDependency;
			package = 820534FE272F0B4800C68686 /* XCRemoteSwiftPackageReference "SnapKit" */;
			productName = SnapKit;
		};
		82053502272F0B6500C68686 /* Kingfisher */ = {
			isa = XCSwiftPackageProductDependency;
			package = 82053501272F0B6500C68686 /* XCRemoteSwiftPackageReference "Kingfisher" */;
			productName = Kingfisher;
		};
/* End XCSwiftPackageProductDependency section */

/* Begin XCVersionGroup section */
		820534BB272F05AC00C68686 /* ProjetoFinalStudioGhibliAPI.xcdatamodeld */ = {
			isa = XCVersionGroup;
			children = (
				820534BC272F05AC00C68686 /* ProjetoFinalStudioGhibliAPI.xcdatamodel */,
			);
			currentVersion = 820534BC272F05AC00C68686 /* ProjetoFinalStudioGhibliAPI.xcdatamodel */;
			path = ProjetoFinalStudioGhibliAPI.xcdatamodeld;
			sourceTree = "<group>";
			versionGroupType = wrapper.xcdatamodel;
		};
/* End XCVersionGroup section */
	};
	rootObject = 820534A7272F05AC00C68686 /* Project object */;
}
